
Microsoft Visual Studio Solution File, Format Version 12.00
# Visual C# Express 2010
Project("{FAE04EC0-301F-11D3-BF4B-00C04F79EFBC}") = "PatelFinal", "PatelFinal\PatelFinal\PatelFinal.csproj", "{39B9B809-C77E-490C-9DD8-8D8A1D7BA6A4}"
EndProject
Project("{FAE04EC0-301F-11D3-BF4B-00C04F79EFBC}") = "PatelFinalContent", "PatelFinal\PatelFinalContent\PatelFinalContent.contentproj", "{7106C39D-840C-4EA3-90C0-24ED7202B020}"
EndProject
Project("{FAE04EC0-301F-11D3-BF4B-00C04F79EFBC}") = "Xbox 360 Copy of PatelFinal", "PatelFinal\PatelFinal\Xbox 360 Copy of PatelFinal.csproj", "{59A6FDC0-5429-43A7-ABD4-FDB9E6F7A61A}"
EndProject
Global
	GlobalSection(SolutionConfigurationPlatforms) = preSolution
		Debug|Mixed Platforms = Debug|Mixed Platforms
		Debug|x86 = Debug|x86
		Debug|Xbox 360 = Debug|Xbox 360
		Release|Mixed Platforms = Release|Mixed Platforms
		Release|x86 = Release|x86
		Release|Xbox 360 = Release|Xbox 360
	EndGlobalSection
	GlobalSection(ProjectConfigurationPlatforms) = postSolution
		{39B9B809-C77E-490C-9DD8-8D8A1D7BA6A4}.Debug|Mixed Platforms.ActiveCfg = Debug|x86
		{39B9B809-C77E-490C-9DD8-8D8A1D7BA6A4}.Debug|Mixed Platforms.Build.0 = Debug|x86
		{39B9B809-C77E-490C-9DD8-8D8A1D7BA6A4}.Debug|x86.ActiveCfg = Debug|x86
		{39B9B809-C77E-490C-9DD8-8D8A1D7BA6A4}.Debug|x86.Build.0 = Debug|x86
		{39B9B809-C77E-490C-9DD8-8D8A1D7BA6A4}.Debug|Xbox 360.ActiveCfg = Debug|x86
		{39B9B809-C77E-490C-9DD8-8D8A1D7BA6A4}.Debug|Xbox 360.Build.0 = Debug|x86
		{39B9B809-C77E-490C-9DD8-8D8A1D7BA6A4}.Release|Mixed Platforms.ActiveCfg = Release|x86
		{39B9B809-C77E-490C-9DD8-8D8A1D7BA6A4}.Release|Mixed Platforms.Build.0 = Release|x86
		{39B9B809-C77E-490C-9DD8-8D8A1D7BA6A4}.Release|x86.ActiveCfg = Release|x86
		{39B9B809-C77E-490C-9DD8-8D8A1D7BA6A4}.Release|x86.Build.0 = Release|x86
		{39B9B809-C77E-490C-9DD8-8D8A1D7BA6A4}.Release|Xbox 360.ActiveCfg = Release|x86
		{39B9B809-C77E-490C-9DD8-8D8A1D7BA6A4}.Release|Xbox 360.Build.0 = Release|x86
		{7106C39D-840C-4EA3-90C0-24ED7202B020}.Debug|Mixed Platforms.ActiveCfg = Debug|x86
		{7106C39D-840C-4EA3-90C0-24ED7202B020}.Debug|x86.ActiveCfg = Debug|x86
		{7106C39D-840C-4EA3-90C0-24ED7202B020}.Debug|Xbox 360.ActiveCfg = Debug|x86
		{7106C39D-840C-4EA3-90C0-24ED7202B020}.Release|Mixed Platforms.ActiveCfg = Release|x86
		{7106C39D-840C-4EA3-90C0-24ED7202B020}.Release|x86.ActiveCfg = Release|x86
		{7106C39D-840C-4EA3-90C0-24ED7202B020}.Release|Xbox 360.ActiveCfg = Release|x86
		{59A6FDC0-5429-43A7-ABD4-FDB9E6F7A61A}.Debug|Mixed Platforms.ActiveCfg = Debug|Xbox 360
		{59A6FDC0-5429-43A7-ABD4-FDB9E6F7A61A}.Debug|Mixed Platforms.Build.0 = Debug|Xbox 360
		{59A6FDC0-5429-43A7-ABD4-FDB9E6F7A61A}.Debug|Mixed Platforms.Deploy.0 = Debug|Xbox 360
		{59A6FDC0-5429-43A7-ABD4-FDB9E6F7A61A}.Debug|x86.ActiveCfg = Debug|Xbox 360
		{59A6FDC0-5429-43A7-ABD4-FDB9E6F7A61A}.Debug|Xbox 360.ActiveCfg = Debug|Xbox 360
		{59A6FDC0-5429-43A7-ABD4-FDB9E6F7A61A}.Debug|Xbox 360.Build.0 = Debug|Xbox 360
		{59A6FDC0-5429-43A7-ABD4-FDB9E6F7A61A}.Debug|Xbox 360.Deploy.0 = Debug|Xbox 360
		{59A6FDC0-5429-43A7-ABD4-FDB9E6F7A61A}.Release|Mixed Platforms.ActiveCfg = Release|Xbox 360
		{59A6FDC0-5429-43A7-ABD4-FDB9E6F7A61A}.Release|Mixed Platforms.Build.0 = Release|Xbox 360
		{59A6FDC0-5429-43A7-ABD4-FDB9E6F7A61A}.Release|Mixed Platforms.Deploy.0 = Release|Xbox 360
		{59A6FDC0-5429-43A7-ABD4-FDB9E6F7A61A}.Release|x86.ActiveCfg = Release|Xbox 360
		{59A6FDC0-5429-43A7-ABD4-FDB9E6F7A61A}.Release|Xbox 360.ActiveCfg = Release|Xbox 360
		{59A6FDC0-5429-43A7-ABD4-FDB9E6F7A61A}.Release|Xbox 360.Build.0 = Release|Xbox 360
		{59A6FDC0-5429-43A7-ABD4-FDB9E6F7A61A}.Release|Xbox 360.Deploy.0 = Release|Xbox 360
	EndGlobalSection
	GlobalSection(SolutionProperties) = preSolution
		HideSolutionNode = FALSE
	EndGlobalSection
EndGlobal
